# THIS IS AN AUTOGENERATED FILE. DO NOT EDIT THIS FILE DIRECTLY.
# yarn lockfile v1


svelte@^3.4.4:
  version "3.4.4"
  resolved "https://registry.yarnpkg.com/svelte/-/svelte-3.4.4.tgz#8dcb60796b2b5a47175371f0763a612bf33a0944"
  integrity sha512-O9tzroEWVPOQe1QITW1jP8LAJwXmCfDDGdkOCa9Y6NlJ+gQwn+/rhFbMQ+vu2PWPLZt1gxN8DjTFM4nOBuMLFg==
